github.com/btcsuite/btcutil v0.0.0-20190207003914-4c204d697803 h1:j3AgPKKZtZStM2nyhrDSLSYgT7YHrZKdSkq1OYeLjvM=
github.com/btcsuite/btcutil v0.0.0-20190207003914-4c204d697803/go.mod h1:+5NJ2+qvTyV9exUAL/rxXi3DcLg2Ts+ymUAY5y4NvMg=
github.com/dgrijalva/jwt-go v3.2.0+incompatible h1:7qlOGliEKZXTDg6OTjfoBKDXWrumCAMpl/TFQ4/5kLM=
github.com/dgrijalva/jwt-go v3.2.0+incompatible/go.mod h1:E3ru+11k8xSBh+hMPgOLZmtrrCbhqsmaPHjLKYnJCaQ=
github.com/go-pg/pg v7.1.7+incompatible h1:MXeUtzJtt9hie8LSANh0FvaS7ANQ535qD3Q5dtXy8q8=
github.com/go-pg/pg v7.1.7+incompatible/go.mod h1:a2oXow+aFOrvwcKs3eIA0lNFmMilrxK2sOkB5NWe0vA=
github.com/gorilla/handlers v1.4.0 h1:XulKRWSQK5uChr4pEgSE4Tc/OcmnU9GJuSwdog/tZsA=
github.com/gorilla/handlers v1.4.0/go.mod h1:Qkdc/uu4tH4g6mTK6auzZ766c4CA0Ng8+o/OAirnOIQ=
github.com/gorilla/mux v1.7.0 h1:tOSd0UKHQd6urX6ApfOn4XdBMY6Sh1MfxV3kmaazO+U=
github.com/gorilla/mux v1.7.0/go.mod h1:1lud6UwP+6orDFRuTfBEV8e9/aOM/c4fVVCaMa2zaAs=
github.com/jinzhu/inflection v0.0.0-20180308033659-04140366298a h1:eeaG9XMUvRBYXJi4pg1ZKM7nxc5AfXfojeLLW7O5J3k=
github.com/jinzhu/inflection v0.0.0-20180308033659-04140366298a/go.mod h1:h+uFLlag+Qp1Va5pdKtLDYj+kHp5pxUVkryuEj+Srlc=
golang.org/x/crypto v0.0.0-20180910181607-0e37d006457b h1:2b9XGzhjiYsYPnKXoEfL7klWZQIt8IfyRCz62gCqqlQ=
golang.org/x/crypto v0.0.0-20180910181607-0e37d006457b/go.mod h1:6SG95UA2DQfeDnfUPMdvaQW0Q7yPrPDi9nlGo2tz2b4=
golang.org/x/crypto v0.0.0-20190131182504-b8fe1690c613 h1:MQ/ZZiDsUapFFiMS+vzwXkCTeEKaum+Do5rINYJDmxc=
golang.org/x/crypto v0.0.0-20190131182504-b8fe1690c613/go.mod h1:6SG95UA2DQfeDnfUPMdvaQW0Q7yPrPDi9nlGo2tz2b4=
mellium.im/sasl v0.2.1 h1:nspKSRg7/SyO0cRGY71OkfHab8tf9kCts6a6oTDut0w=
mellium.im/sasl v0.2.1/go.mod h1:ROaEDLQNuf9vjKqE1SrAfnsobm2YKXT1gnN1uDp1PjQ=
